
Microsoft Visual Studio Solution File, Format Version 12.00
# Visual Studio Version 17
VisualStudioVersion = 17.2.32616.157
MinimumVisualStudioVersion = 10.0.40219.1
Project("{2150E333-8FDC-42A3-9474-1A3956D46DE8}") = "actions", "actions", "{0C2BEEE3-B150-4380-9010-CE25D0871492}"
EndProject
Project("{2150E333-8FDC-42A3-9474-1A3956D46DE8}") = "tools", "tools", "{E14CCE9C-7398-4BC7-B000-5606C2C5CE97}"
EndProject
Project("{2150E333-8FDC-42A3-9474-1A3956D46DE8}") = "errors", "errors", "{329A953D-A81D-4C9F-8D77-01170256B93C}"
EndProject
Project("{2150E333-8FDC-42A3-9474-1A3956D46DE8}") = "examples", "examples", "{18C9DFC2-C4E8-4E0F-8BAE-0AAB53E2D8A2}"
EndProject
Project("{2150E333-8FDC-42A3-9474-1A3956D46DE8}") = "CSV", "CSV", "{3777D781-96EB-4BEE-A27D-3447DF555552}"
EndProject
Project("{2150E333-8FDC-42A3-9474-1A3956D46DE8}") = "Cymbol", "Cymbol", "{4743A81E-B59F-4635-952B-89B65C2FD32D}"
EndProject
Project("{2150E333-8FDC-42A3-9474-1A3956D46DE8}") = "DOT", "DOT", "{87E798D1-7DE9-4743-A73C-E4B00166F0E4}"
EndProject
Project("{2150E333-8FDC-42A3-9474-1A3956D46DE8}") = "JSON", "JSON", "{A9FD118A-1F5F-4584-B93D-50E08BF74C6F}"
EndProject
Project("{2150E333-8FDC-42A3-9474-1A3956D46DE8}") = "R", "R", "{F314550F-988B-45E3-A6E5-1AF5BB3D8FC6}"
EndProject
Project("{2150E333-8FDC-42A3-9474-1A3956D46DE8}") = "install", "install", "{DE30957E-7684-4EF6-AED5-810F10CB1E75}"
EndProject
Project("{2150E333-8FDC-42A3-9474-1A3956D46DE8}") = "listeners", "listeners", "{F8BBA968-FCAC-4A29-BBE2-D03B437F7DB4}"
EndProject
Project("{2150E333-8FDC-42A3-9474-1A3956D46DE8}") = "Cymbol", "Cymbol", "{E03515F5-C2AA-4CF2-9CEE-F62E8C9CBA48}"
EndProject
Project("{2150E333-8FDC-42A3-9474-1A3956D46DE8}") = "CSV", "CSV", "{62E8DD20-1D3C-4282-8904-C4FABD971AB0}"
EndProject
Project("{2150E333-8FDC-42A3-9474-1A3956D46DE8}") = "Evaluator", "Evaluator", "{74DC044A-F94E-41AA-ABF2-9160D2759354}"
EndProject
Project("{2150E333-8FDC-42A3-9474-1A3956D46DE8}") = "JSON", "JSON", "{10C77B9D-432C-4F15-B0FE-881E3E09E5D0}"
EndProject
Project("{2150E333-8FDC-42A3-9474-1A3956D46DE8}") = "PropertyFile", "PropertyFile", "{4E3B0277-5BCB-4D99-8389-D488FA3200C6}"
EndProject
Project("{2150E333-8FDC-42A3-9474-1A3956D46DE8}") = "PropertyFileCoupled", "PropertyFileCoupled", "{3EEDFDEB-145D-42F2-9FAC-49AA76DC79CF}"
EndProject
Project("{2150E333-8FDC-42A3-9474-1A3956D46DE8}") = "predicates", "predicates", "{1F7FEDF2-B051-43E5-9137-3AA7730C4822}"
EndProject
Project("{2150E333-8FDC-42A3-9474-1A3956D46DE8}") = "starter", "starter", "{38B5F26E-2F20-469E-AB20-A0971A1CBFE9}"
EndProject
Project("{2150E333-8FDC-42A3-9474-1A3956D46DE8}") = "tour", "tour", "{C3C064B8-F359-4118-AAD8-3F9C5A2481D9}"
EndProject
Project("{2150E333-8FDC-42A3-9474-1A3956D46DE8}") = "Data", "Data", "{9EA47B58-CBC7-4FC6-8263-573B26680C14}"
EndProject
Project("{2150E333-8FDC-42A3-9474-1A3956D46DE8}") = "Expr", "Expr", "{A208ABFC-F8C4-4D84-BAD9-97A4DC20F8FF}"
EndProject
Project("{2150E333-8FDC-42A3-9474-1A3956D46DE8}") = "ExtractInterface", "ExtractInterface", "{AF50B01C-62B5-4A7A-B732-834A90D027C4}"
EndProject
Project("{2150E333-8FDC-42A3-9474-1A3956D46DE8}") = "InsertSerialID", "InsertSerialID", "{17232560-36E3-4392-8194-51A4EA47FF82}"
EndProject
Project("{2150E333-8FDC-42A3-9474-1A3956D46DE8}") = "LabeledExpr", "LabeledExpr", "{816F0DC4-583A-49EC-B332-4D9A075A3D06}"
EndProject
Project("{2150E333-8FDC-42A3-9474-1A3956D46DE8}") = "LibExpr", "LibExpr", "{28105292-1382-4ED1-ADB0-2F0A4E2F7F81}"
EndProject
Project("{2150E333-8FDC-42A3-9474-1A3956D46DE8}") = "Rows", "Rows", "{76088E30-5A21-402B-B3A7-A3E3B77EAEF0}"
EndProject
Project("{2150E333-8FDC-42A3-9474-1A3956D46DE8}") = "XMLLexer", "XMLLexer", "{97E0B98F-6C73-4C7D-9F25-97118B3B7B67}"
EndProject
Project("{9A19103F-16F7-4668-BE54-9A1E7A4F7556}") = "TestToolExpr", "TestToolExpr\TestToolExpr.csproj", "{8F339082-62DF-4549-9678-552AFDB6C2FA}"
EndProject
Project("{9A19103F-16F7-4668-BE54-9A1E7A4F7556}") = "TestCSVAction", "TestCSVAction\TestCSVAction.csproj", "{B09E55DC-64BD-436C-8D62-BE0BCAD87D80}"
EndProject
Project("{9A19103F-16F7-4668-BE54-9A1E7A4F7556}") = "TestKeywordsAction", "TestKeywordsAction\TestKeywordsAction.csproj", "{06AA2BA3-1875-4570-951C-9DD3B5B063D9}"
EndProject
Global
	GlobalSection(SolutionConfigurationPlatforms) = preSolution
		Debug|Any CPU = Debug|Any CPU
		Release|Any CPU = Release|Any CPU
	EndGlobalSection
	GlobalSection(ProjectConfigurationPlatforms) = postSolution
		{8F339082-62DF-4549-9678-552AFDB6C2FA}.Debug|Any CPU.ActiveCfg = Debug|Any CPU
		{8F339082-62DF-4549-9678-552AFDB6C2FA}.Debug|Any CPU.Build.0 = Debug|Any CPU
		{8F339082-62DF-4549-9678-552AFDB6C2FA}.Release|Any CPU.ActiveCfg = Release|Any CPU
		{8F339082-62DF-4549-9678-552AFDB6C2FA}.Release|Any CPU.Build.0 = Release|Any CPU
		{B09E55DC-64BD-436C-8D62-BE0BCAD87D80}.Debug|Any CPU.ActiveCfg = Debug|Any CPU
		{B09E55DC-64BD-436C-8D62-BE0BCAD87D80}.Debug|Any CPU.Build.0 = Debug|Any CPU
		{B09E55DC-64BD-436C-8D62-BE0BCAD87D80}.Release|Any CPU.ActiveCfg = Release|Any CPU
		{B09E55DC-64BD-436C-8D62-BE0BCAD87D80}.Release|Any CPU.Build.0 = Release|Any CPU
		{06AA2BA3-1875-4570-951C-9DD3B5B063D9}.Debug|Any CPU.ActiveCfg = Debug|Any CPU
		{06AA2BA3-1875-4570-951C-9DD3B5B063D9}.Debug|Any CPU.Build.0 = Debug|Any CPU
		{06AA2BA3-1875-4570-951C-9DD3B5B063D9}.Release|Any CPU.ActiveCfg = Release|Any CPU
		{06AA2BA3-1875-4570-951C-9DD3B5B063D9}.Release|Any CPU.Build.0 = Release|Any CPU
	EndGlobalSection
	GlobalSection(SolutionProperties) = preSolution
		HideSolutionNode = FALSE
	EndGlobalSection
	GlobalSection(NestedProjects) = preSolution
		{E14CCE9C-7398-4BC7-B000-5606C2C5CE97} = {0C2BEEE3-B150-4380-9010-CE25D0871492}
		{3777D781-96EB-4BEE-A27D-3447DF555552} = {18C9DFC2-C4E8-4E0F-8BAE-0AAB53E2D8A2}
		{4743A81E-B59F-4635-952B-89B65C2FD32D} = {18C9DFC2-C4E8-4E0F-8BAE-0AAB53E2D8A2}
		{87E798D1-7DE9-4743-A73C-E4B00166F0E4} = {18C9DFC2-C4E8-4E0F-8BAE-0AAB53E2D8A2}
		{A9FD118A-1F5F-4584-B93D-50E08BF74C6F} = {18C9DFC2-C4E8-4E0F-8BAE-0AAB53E2D8A2}
		{F314550F-988B-45E3-A6E5-1AF5BB3D8FC6} = {18C9DFC2-C4E8-4E0F-8BAE-0AAB53E2D8A2}
		{E03515F5-C2AA-4CF2-9CEE-F62E8C9CBA48} = {F8BBA968-FCAC-4A29-BBE2-D03B437F7DB4}
		{62E8DD20-1D3C-4282-8904-C4FABD971AB0} = {F8BBA968-FCAC-4A29-BBE2-D03B437F7DB4}
		{74DC044A-F94E-41AA-ABF2-9160D2759354} = {F8BBA968-FCAC-4A29-BBE2-D03B437F7DB4}
		{10C77B9D-432C-4F15-B0FE-881E3E09E5D0} = {F8BBA968-FCAC-4A29-BBE2-D03B437F7DB4}
		{4E3B0277-5BCB-4D99-8389-D488FA3200C6} = {F8BBA968-FCAC-4A29-BBE2-D03B437F7DB4}
		{3EEDFDEB-145D-42F2-9FAC-49AA76DC79CF} = {F8BBA968-FCAC-4A29-BBE2-D03B437F7DB4}
		{9EA47B58-CBC7-4FC6-8263-573B26680C14} = {C3C064B8-F359-4118-AAD8-3F9C5A2481D9}
		{A208ABFC-F8C4-4D84-BAD9-97A4DC20F8FF} = {C3C064B8-F359-4118-AAD8-3F9C5A2481D9}
		{AF50B01C-62B5-4A7A-B732-834A90D027C4} = {C3C064B8-F359-4118-AAD8-3F9C5A2481D9}
		{17232560-36E3-4392-8194-51A4EA47FF82} = {C3C064B8-F359-4118-AAD8-3F9C5A2481D9}
		{816F0DC4-583A-49EC-B332-4D9A075A3D06} = {C3C064B8-F359-4118-AAD8-3F9C5A2481D9}
		{28105292-1382-4ED1-ADB0-2F0A4E2F7F81} = {C3C064B8-F359-4118-AAD8-3F9C5A2481D9}
		{76088E30-5A21-402B-B3A7-A3E3B77EAEF0} = {C3C064B8-F359-4118-AAD8-3F9C5A2481D9}
		{97E0B98F-6C73-4C7D-9F25-97118B3B7B67} = {C3C064B8-F359-4118-AAD8-3F9C5A2481D9}
		{8F339082-62DF-4549-9678-552AFDB6C2FA} = {E14CCE9C-7398-4BC7-B000-5606C2C5CE97}
		{B09E55DC-64BD-436C-8D62-BE0BCAD87D80} = {0C2BEEE3-B150-4380-9010-CE25D0871492}
		{06AA2BA3-1875-4570-951C-9DD3B5B063D9} = {0C2BEEE3-B150-4380-9010-CE25D0871492}
	EndGlobalSection
	GlobalSection(ExtensibilityGlobals) = postSolution
		SolutionGuid = {0F76F9ED-63AE-4A21-B8D3-82FBB0A22D90}
	EndGlobalSection
EndGlobal
